// !$*UTF8*$!
{
	archiveVersion = 1;
	classes = {
	};
	objectVersion = 56;
	objects = {

/* Begin PBXBuildFile section */
		A1000001 /* GivaApp.swift in Sources */ = {isa = PBXBuildFile; fileRef = A2000001 /* GivaApp.swift */; };
		A1000002 /* APIModels.swift in Sources */ = {isa = PBXBuildFile; fileRef = A2000002 /* APIModels.swift */; };
		A1000003 /* APIService.swift in Sources */ = {isa = PBXBuildFile; fileRef = A2000003 /* APIService.swift */; };
		A1000004 /* ServerManager.swift in Sources */ = {isa = PBXBuildFile; fileRef = A2000004 /* ServerManager.swift */; };
		A1000005 /* GivaViewModel.swift in Sources */ = {isa = PBXBuildFile; fileRef = A2000005 /* GivaViewModel.swift */; };
		A1000006 /* MainPanelView.swift in Sources */ = {isa = PBXBuildFile; fileRef = A2000006 /* MainPanelView.swift */; };
		A1000007 /* ChatView.swift in Sources */ = {isa = PBXBuildFile; fileRef = A2000007 /* ChatView.swift */; };
		A1000008 /* QuickActionsView.swift in Sources */ = {isa = PBXBuildFile; fileRef = A2000008 /* QuickActionsView.swift */; };
		A1000009 /* TaskListView.swift in Sources */ = {isa = PBXBuildFile; fileRef = A2000009 /* TaskListView.swift */; };
		A100000A /* Assets.xcassets in Resources */ = {isa = PBXBuildFile; fileRef = A200000A /* Assets.xcassets */; };
		A100000B /* BootstrapManager.swift in Sources */ = {isa = PBXBuildFile; fileRef = A200000D /* BootstrapManager.swift */; };
		A100000C /* BootstrapView.swift in Sources */ = {isa = PBXBuildFile; fileRef = A200000E /* BootstrapView.swift */; };
		A100000D /* AudioPlaybackService.swift in Sources */ = {isa = PBXBuildFile; fileRef = A200000F /* AudioPlaybackService.swift */; };
		A100000E /* ModelSetupView.swift in Sources */ = {isa = PBXBuildFile; fileRef = A2000010 /* ModelSetupView.swift */; };
		A100000F /* GoalsViewModel.swift in Sources */ = {isa = PBXBuildFile; fileRef = A2000011 /* GoalsViewModel.swift */; };
		A1000010 /* GoalsWindowView.swift in Sources */ = {isa = PBXBuildFile; fileRef = A2000012 /* GoalsWindowView.swift */; };
		A1000011 /* FileLogger.swift in Sources */ = {isa = PBXBuildFile; fileRef = A2000013 /* FileLogger.swift */; };
		A1000012 /* GivaMainWindowView.swift in Sources */ = {isa = PBXBuildFile; fileRef = A2000014 /* GivaMainWindowView.swift */; };
		A1000013 /* AgentConfirmationCard.swift in Sources */ = {isa = PBXBuildFile; fileRef = A2000015 /* AgentConfirmationCard.swift */; };
		A1000014 /* AgentActivityPanel.swift in Sources */ = {isa = PBXBuildFile; fileRef = A2000016 /* AgentActivityPanel.swift */; };
		A1000015 /* APIServiceProtocol.swift in Sources */ = {isa = PBXBuildFile; fileRef = A2000017 /* APIServiceProtocol.swift */; };
		A1000016 /* AgentActionHandler.swift in Sources */ = {isa = PBXBuildFile; fileRef = A2000018 /* AgentActionHandler.swift */; };
		A1000017 /* VoiceRecordingService.swift in Sources */ = {isa = PBXBuildFile; fileRef = A2000019 /* VoiceRecordingService.swift */; };
		A100001A /* SettingsView.swift in Sources */ = {isa = PBXBuildFile; fileRef = A200001A /* SettingsView.swift */; };
		A100001B /* TaskChatView.swift in Sources */ = {isa = PBXBuildFile; fileRef = A200001B /* TaskChatView.swift */; };
		A100001C /* QuickDropView.swift in Sources */ = {isa = PBXBuildFile; fileRef = A200001C /* QuickDropView.swift */; };
		A100001D /* TaskDetailView.swift in Sources */ = {isa = PBXBuildFile; fileRef = A200001D /* TaskDetailView.swift */; };
		B1000001 /* MockAPIService.swift in Sources */ = {isa = PBXBuildFile; fileRef = B2000001 /* MockAPIService.swift */; };
		B1000002 /* ServerPhaseTests.swift in Sources */ = {isa = PBXBuildFile; fileRef = B2000002 /* ServerPhaseTests.swift */; };
		B1000003 /* AgentActionHandlerTests.swift in Sources */ = {isa = PBXBuildFile; fileRef = B2000003 /* AgentActionHandlerTests.swift */; };
		B1000004 /* ServerManagerTests.swift in Sources */ = {isa = PBXBuildFile; fileRef = B2000004 /* ServerManagerTests.swift */; };
		B1000005 /* GivaViewModelTests.swift in Sources */ = {isa = PBXBuildFile; fileRef = B2000005 /* GivaViewModelTests.swift */; };
		B1000006 /* GoalsViewModelTests.swift in Sources */ = {isa = PBXBuildFile; fileRef = B2000006 /* GoalsViewModelTests.swift */; };
		B1000007 /* APIModelsTests.swift in Sources */ = {isa = PBXBuildFile; fileRef = B2000008 /* APIModelsTests.swift */; };
/* End PBXBuildFile section */

/* Begin PBXContainerItemProxy section */
		B3000001 /* PBXContainerItemProxy */ = {
			isa = PBXContainerItemProxy;
			containerPortal = A8000001 /* Project object */;
			proxyType = 1;
			remoteGlobalIDString = A5000001;
			remoteInfo = GivaApp;
		};
/* End PBXContainerItemProxy section */

/* Begin PBXFileReference section */
		A2000001 /* GivaApp.swift */ = {isa = PBXFileReference; lastKnownFileType = sourcecode.swift; path = GivaApp.swift; sourceTree = "<group>"; };
		A2000002 /* APIModels.swift */ = {isa = PBXFileReference; lastKnownFileType = sourcecode.swift; path = APIModels.swift; sourceTree = "<group>"; };
		A2000003 /* APIService.swift */ = {isa = PBXFileReference; lastKnownFileType = sourcecode.swift; path = APIService.swift; sourceTree = "<group>"; };
		A2000004 /* ServerManager.swift */ = {isa = PBXFileReference; lastKnownFileType = sourcecode.swift; path = ServerManager.swift; sourceTree = "<group>"; };
		A2000005 /* GivaViewModel.swift */ = {isa = PBXFileReference; lastKnownFileType = sourcecode.swift; path = GivaViewModel.swift; sourceTree = "<group>"; };
		A2000006 /* MainPanelView.swift */ = {isa = PBXFileReference; lastKnownFileType = sourcecode.swift; path = MainPanelView.swift; sourceTree = "<group>"; };
		A2000007 /* ChatView.swift */ = {isa = PBXFileReference; lastKnownFileType = sourcecode.swift; path = ChatView.swift; sourceTree = "<group>"; };
		A2000008 /* QuickActionsView.swift */ = {isa = PBXFileReference; lastKnownFileType = sourcecode.swift; path = QuickActionsView.swift; sourceTree = "<group>"; };
		A2000009 /* TaskListView.swift */ = {isa = PBXFileReference; lastKnownFileType = sourcecode.swift; path = TaskListView.swift; sourceTree = "<group>"; };
		A200000A /* Assets.xcassets */ = {isa = PBXFileReference; lastKnownFileType = folder.assetcatalog; path = Assets.xcassets; sourceTree = "<group>"; };
		A200000B /* GivaApp.app */ = {isa = PBXFileReference; explicitFileType = wrapper.application; includeInIndex = 0; path = GivaApp.app; sourceTree = BUILT_PRODUCTS_DIR; };
		A200000C /* GivaApp.entitlements */ = {isa = PBXFileReference; lastKnownFileType = text.plist.entitlements; path = GivaApp.entitlements; sourceTree = "<group>"; };
		A200000D /* BootstrapManager.swift */ = {isa = PBXFileReference; lastKnownFileType = sourcecode.swift; path = BootstrapManager.swift; sourceTree = "<group>"; };
		A200000E /* BootstrapView.swift */ = {isa = PBXFileReference; lastKnownFileType = sourcecode.swift; path = BootstrapView.swift; sourceTree = "<group>"; };
		A200000F /* AudioPlaybackService.swift */ = {isa = PBXFileReference; lastKnownFileType = sourcecode.swift; path = AudioPlaybackService.swift; sourceTree = "<group>"; };
		A2000010 /* ModelSetupView.swift */ = {isa = PBXFileReference; lastKnownFileType = sourcecode.swift; path = ModelSetupView.swift; sourceTree = "<group>"; };
		A2000011 /* GoalsViewModel.swift */ = {isa = PBXFileReference; lastKnownFileType = sourcecode.swift; path = GoalsViewModel.swift; sourceTree = "<group>"; };
		A2000012 /* GoalsWindowView.swift */ = {isa = PBXFileReference; lastKnownFileType = sourcecode.swift; path = GoalsWindowView.swift; sourceTree = "<group>"; };
		A2000013 /* FileLogger.swift */ = {isa = PBXFileReference; lastKnownFileType = sourcecode.swift; path = FileLogger.swift; sourceTree = "<group>"; };
		A2000014 /* GivaMainWindowView.swift */ = {isa = PBXFileReference; lastKnownFileType = sourcecode.swift; path = GivaMainWindowView.swift; sourceTree = "<group>"; };
		A2000015 /* AgentConfirmationCard.swift */ = {isa = PBXFileReference; lastKnownFileType = sourcecode.swift; path = AgentConfirmationCard.swift; sourceTree = "<group>"; };
		A2000016 /* AgentActivityPanel.swift */ = {isa = PBXFileReference; lastKnownFileType = sourcecode.swift; path = AgentActivityPanel.swift; sourceTree = "<group>"; };
		A2000017 /* APIServiceProtocol.swift */ = {isa = PBXFileReference; lastKnownFileType = sourcecode.swift; path = APIServiceProtocol.swift; sourceTree = "<group>"; };
		A2000018 /* AgentActionHandler.swift */ = {isa = PBXFileReference; lastKnownFileType = sourcecode.swift; path = AgentActionHandler.swift; sourceTree = "<group>"; };
		A2000019 /* VoiceRecordingService.swift */ = {isa = PBXFileReference; lastKnownFileType = sourcecode.swift; path = VoiceRecordingService.swift; sourceTree = "<group>"; };
		A200001A /* SettingsView.swift */ = {isa = PBXFileReference; lastKnownFileType = sourcecode.swift; path = SettingsView.swift; sourceTree = "<group>"; };
		A200001B /* TaskChatView.swift */ = {isa = PBXFileReference; lastKnownFileType = sourcecode.swift; path = TaskChatView.swift; sourceTree = "<group>"; };
		A200001C /* QuickDropView.swift */ = {isa = PBXFileReference; lastKnownFileType = sourcecode.swift; path = QuickDropView.swift; sourceTree = "<group>"; };
		A200001D /* TaskDetailView.swift */ = {isa = PBXFileReference; lastKnownFileType = sourcecode.swift; path = TaskDetailView.swift; sourceTree = "<group>"; };
		B2000001 /* MockAPIService.swift */ = {isa = PBXFileReference; lastKnownFileType = sourcecode.swift; path = MockAPIService.swift; sourceTree = "<group>"; };
		B2000002 /* ServerPhaseTests.swift */ = {isa = PBXFileReference; lastKnownFileType = sourcecode.swift; path = ServerPhaseTests.swift; sourceTree = "<group>"; };
		B2000003 /* AgentActionHandlerTests.swift */ = {isa = PBXFileReference; lastKnownFileType = sourcecode.swift; path = AgentActionHandlerTests.swift; sourceTree = "<group>"; };
		B2000004 /* ServerManagerTests.swift */ = {isa = PBXFileReference; lastKnownFileType = sourcecode.swift; path = ServerManagerTests.swift; sourceTree = "<group>"; };
		B2000005 /* GivaViewModelTests.swift */ = {isa = PBXFileReference; lastKnownFileType = sourcecode.swift; path = GivaViewModelTests.swift; sourceTree = "<group>"; };
		B2000006 /* GoalsViewModelTests.swift */ = {isa = PBXFileReference; lastKnownFileType = sourcecode.swift; path = GoalsViewModelTests.swift; sourceTree = "<group>"; };
		B2000008 /* APIModelsTests.swift */ = {isa = PBXFileReference; lastKnownFileType = sourcecode.swift; path = APIModelsTests.swift; sourceTree = "<group>"; };
		B2000007 /* GivaAppTests.xctest */ = {isa = PBXFileReference; explicitFileType = wrapper.cfbundle; includeInIndex = 0; path = GivaAppTests.xctest; sourceTree = BUILT_PRODUCTS_DIR; };
/* End PBXFileReference section */

/* Begin PBXFrameworksBuildPhase section */
		A3000001 /* Frameworks */ = {
			isa = PBXFrameworksBuildPhase;
			buildActionMask = 2147483647;
			files = (
			);
			runOnlyForDeploymentPostprocessing = 0;
		};
		B3000002 /* Frameworks */ = {
			isa = PBXFrameworksBuildPhase;
			buildActionMask = 2147483647;
			files = (
			);
			runOnlyForDeploymentPostprocessing = 0;
		};
/* End PBXFrameworksBuildPhase section */

/* Begin PBXGroup section */
		A4000001 = {
			isa = PBXGroup;
			children = (
				A4000002 /* GivaApp */,
				B4000001 /* GivaAppTests */,
				A4000007 /* Products */,
			);
			sourceTree = "<group>";
		};
		A4000002 /* GivaApp */ = {
			isa = PBXGroup;
			children = (
				A2000001 /* GivaApp.swift */,
				A200000C /* GivaApp.entitlements */,
				A4000003 /* Models */,
				A4000004 /* Services */,
				A4000005 /* ViewModels */,
				A4000006 /* Views */,
				A200000A /* Assets.xcassets */,
			);
			path = GivaApp;
			sourceTree = "<group>";
		};
		A4000003 /* Models */ = {
			isa = PBXGroup;
			children = (
				A2000002 /* APIModels.swift */,
			);
			path = Models;
			sourceTree = "<group>";
		};
		A4000004 /* Services */ = {
			isa = PBXGroup;
			children = (
				A2000003 /* APIService.swift */,
				A2000018 /* AgentActionHandler.swift */,
				A2000017 /* APIServiceProtocol.swift */,
				A200000F /* AudioPlaybackService.swift */,
				A200000D /* BootstrapManager.swift */,
				A2000013 /* FileLogger.swift */,
				A2000004 /* ServerManager.swift */,
				A2000019 /* VoiceRecordingService.swift */,
			);
			path = Services;
			sourceTree = "<group>";
		};
		A4000005 /* ViewModels */ = {
			isa = PBXGroup;
			children = (
				A2000005 /* GivaViewModel.swift */,
				A2000011 /* GoalsViewModel.swift */,
			);
			path = ViewModels;
			sourceTree = "<group>";
		};
		A4000006 /* Views */ = {
			isa = PBXGroup;
			children = (
				A2000015 /* AgentConfirmationCard.swift */,
				A2000016 /* AgentActivityPanel.swift */,
				A200000E /* BootstrapView.swift */,
				A2000007 /* ChatView.swift */,
				A2000014 /* GivaMainWindowView.swift */,
				A2000012 /* GoalsWindowView.swift */,
				A2000006 /* MainPanelView.swift */,
				A2000010 /* ModelSetupView.swift */,
				A2000008 /* QuickActionsView.swift */,
				A200001C /* QuickDropView.swift */,
				A200001A /* SettingsView.swift */,
				A200001B /* TaskChatView.swift */,
				A200001D /* TaskDetailView.swift */,
				A2000009 /* TaskListView.swift */,
			);
			path = Views;
			sourceTree = "<group>";
		};
		A4000007 /* Products */ = {
			isa = PBXGroup;
			children = (
				A200000B /* GivaApp.app */,
				B2000007 /* GivaAppTests.xctest */,
			);
			name = Products;
			sourceTree = "<group>";
		};
		B4000001 /* GivaAppTests */ = {
			isa = PBXGroup;
			children = (
				B4000002 /* Mocks */,
				B2000002 /* ServerPhaseTests.swift */,
				B2000003 /* AgentActionHandlerTests.swift */,
				B2000004 /* ServerManagerTests.swift */,
				B2000005 /* GivaViewModelTests.swift */,
				B2000006 /* GoalsViewModelTests.swift */,
				B2000008 /* APIModelsTests.swift */,
			);
			path = GivaAppTests;
			sourceTree = "<group>";
		};
		B4000002 /* Mocks */ = {
			isa = PBXGroup;
			children = (
				B2000001 /* MockAPIService.swift */,
			);
			path = Mocks;
			sourceTree = "<group>";
		};
/* End PBXGroup section */

/* Begin PBXNativeTarget section */
		A5000001 /* GivaApp */ = {
			isa = PBXNativeTarget;
			buildConfigurationList = A7000003 /* Build configuration list for PBXNativeTarget "GivaApp" */;
			buildPhases = (
				A6000001 /* Sources */,
				A3000001 /* Frameworks */,
				A6000002 /* Resources */,
			);
			buildRules = (
			);
			dependencies = (
			);
			name = GivaApp;
			productName = GivaApp;
			productReference = A200000B /* GivaApp.app */;
			productType = "com.apple.product-type.application";
		};
		B5000001 /* GivaAppTests */ = {
			isa = PBXNativeTarget;
			buildConfigurationList = B7000001 /* Build configuration list for PBXNativeTarget "GivaAppTests" */;
			buildPhases = (
				B6000001 /* Sources */,
				B3000002 /* Frameworks */,
			);
			buildRules = (
			);
			dependencies = (
				B5000002 /* PBXTargetDependency */,
			);
			name = GivaAppTests;
			productName = GivaAppTests;
			productReference = B2000007 /* GivaAppTests.xctest */;
			productType = "com.apple.product-type.bundle.unit-test";
		};
/* End PBXNativeTarget section */

/* Begin PBXProject section */
		A8000001 /* Project object */ = {
			isa = PBXProject;
			attributes = {
				BuildIndependentTargetsInParallel = 1;
				LastSwiftUpdateCheck = 1540;
				LastUpgradeCheck = 1540;
				TargetAttributes = {
					A5000001 = {
						CreatedOnToolsVersion = 15.4;
					};
					B5000001 = {
						CreatedOnToolsVersion = 15.4;
						TestTargetID = A5000001;
					};
				};
			};
			buildConfigurationList = A7000001 /* Build configuration list for PBXProject "GivaApp" */;
			compatibilityVersion = "Xcode 14.0";
			developmentRegion = en;
			hasScannedForEncodings = 0;
			knownRegions = (
				en,
				Base,
			);
			mainGroup = A4000001;
			productRefGroup = A4000007 /* Products */;
			projectDirPath = "";
			projectRoot = "";
			targets = (
				A5000001 /* GivaApp */,
				B5000001 /* GivaAppTests */,
			);
		};
/* End PBXProject section */

/* Begin PBXResourcesBuildPhase section */
		A6000002 /* Resources */ = {
			isa = PBXResourcesBuildPhase;
			buildActionMask = 2147483647;
			files = (
				A100000A /* Assets.xcassets in Resources */,
			);
			runOnlyForDeploymentPostprocessing = 0;
		};
/* End PBXResourcesBuildPhase section */

/* Begin PBXSourcesBuildPhase section */
		A6000001 /* Sources */ = {
			isa = PBXSourcesBuildPhase;
			buildActionMask = 2147483647;
			files = (
				A1000001 /* GivaApp.swift in Sources */,
				A1000002 /* APIModels.swift in Sources */,
				A1000003 /* APIService.swift in Sources */,
				A100000B /* BootstrapManager.swift in Sources */,
				A1000004 /* ServerManager.swift in Sources */,
				A1000005 /* GivaViewModel.swift in Sources */,
				A1000006 /* MainPanelView.swift in Sources */,
				A100000C /* BootstrapView.swift in Sources */,
				A1000007 /* ChatView.swift in Sources */,
				A1000008 /* QuickActionsView.swift in Sources */,
				A1000009 /* TaskListView.swift in Sources */,
				A100000D /* AudioPlaybackService.swift in Sources */,
				A100000E /* ModelSetupView.swift in Sources */,
				A100000F /* GoalsViewModel.swift in Sources */,
				A1000010 /* GoalsWindowView.swift in Sources */,
				A1000011 /* FileLogger.swift in Sources */,
				A1000012 /* GivaMainWindowView.swift in Sources */,
				A1000013 /* AgentConfirmationCard.swift in Sources */,
				A1000014 /* AgentActivityPanel.swift in Sources */,
				A1000015 /* APIServiceProtocol.swift in Sources */,
				A1000016 /* AgentActionHandler.swift in Sources */,
				A1000017 /* VoiceRecordingService.swift in Sources */,
				A100001A /* SettingsView.swift in Sources */,
				A100001B /* TaskChatView.swift in Sources */,
				A100001C /* QuickDropView.swift in Sources */,
				A100001D /* TaskDetailView.swift in Sources */,
			);
			runOnlyForDeploymentPostprocessing = 0;
		};
		B6000001 /* Sources */ = {
			isa = PBXSourcesBuildPhase;
			buildActionMask = 2147483647;
			files = (
				B1000001 /* MockAPIService.swift in Sources */,
				B1000002 /* ServerPhaseTests.swift in Sources */,
				B1000003 /* AgentActionHandlerTests.swift in Sources */,
				B1000004 /* ServerManagerTests.swift in Sources */,
				B1000005 /* GivaViewModelTests.swift in Sources */,
				B1000006 /* GoalsViewModelTests.swift in Sources */,
				B1000007 /* APIModelsTests.swift in Sources */,
			);
			runOnlyForDeploymentPostprocessing = 0;
		};
/* End PBXSourcesBuildPhase section */

/* Begin PBXTargetDependency section */
		B5000002 /* PBXTargetDependency */ = {
			isa = PBXTargetDependency;
			target = A5000001 /* GivaApp */;
			targetProxy = B3000001 /* PBXContainerItemProxy */;
		};
/* End PBXTargetDependency section */

/* Begin XCBuildConfiguration section */
		A9000001 /* Debug */ = {
			isa = XCBuildConfiguration;
			buildSettings = {
				ALWAYS_SEARCH_USER_PATHS = NO;
				ASSETCATALOG_COMPILER_GENERATE_SWIFT_ASSET_SYMBOL_EXTENSIONS = YES;
				CLANG_ANALYZER_NONNULL = YES;
				CLANG_ANALYZER_NUMBER_OBJECT_CONVERSION = YES_AGGRESSIVE;
				CLANG_CXX_LANGUAGE_STANDARD = "gnu++20";
				CLANG_ENABLE_MODULES = YES;
				CLANG_ENABLE_OBJC_ARC = YES;
				CLANG_ENABLE_OBJC_WEAK = YES;
				CLANG_WARN_BLOCK_CAPTURE_AUTORELEASING = YES;
				CLANG_WARN_BOOL_CONVERSION = YES;
				CLANG_WARN_COMMA = YES;
				CLANG_WARN_CONSTANT_CONVERSION = YES;
				CLANG_WARN_DEPRECATED_OBJC_IMPLEMENTATIONS = YES;
				CLANG_WARN_DIRECT_OBJC_ISA_USAGE = YES_ERROR;
				CLANG_WARN_DOCUMENTATION_COMMENTS = YES;
				CLANG_WARN_EMPTY_BODY = YES;
				CLANG_WARN_ENUM_CONVERSION = YES;
				CLANG_WARN_INFINITE_RECURSION = YES;
				CLANG_WARN_INT_CONVERSION = YES;
				CLANG_WARN_NON_LITERAL_NULL_CONVERSION = YES;
				CLANG_WARN_OBJC_IMPLICIT_RETAIN_SELF = YES;
				CLANG_WARN_OBJC_LITERAL_CONVERSION = YES;
				CLANG_WARN_OBJC_ROOT_CLASS = YES_ERROR;
				CLANG_WARN_QUOTED_INCLUDE_IN_FRAMEWORK_HEADER = YES;
				CLANG_WARN_RANGE_LOOP_ANALYSIS = YES;
				CLANG_WARN_STRICT_PROTOTYPES = YES;
				CLANG_WARN_SUSPICIOUS_MOVE = YES;
				CLANG_WARN_UNGUARDED_AVAILABILITY = YES_AGGRESSIVE;
				CLANG_WARN_UNREACHABLE_CODE = YES;
				CLANG_WARN__DUPLICATE_METHOD_MATCH = YES;
				COPY_PHASE_STRIP = NO;
				DEBUG_INFORMATION_FORMAT = dwarf;
				ENABLE_STRICT_OBJC_MSGSEND = YES;
				ENABLE_TESTABILITY = YES;
				ENABLE_USER_SCRIPT_SANDBOXING = YES;
				GCC_C_LANGUAGE_STANDARD = gnu17;
				GCC_DYNAMIC_NO_PIC = NO;
				GCC_NO_COMMON_BLOCKS = YES;
				GCC_OPTIMIZATION_LEVEL = 0;
				GCC_PREPROCESSOR_DEFINITIONS = (
					"DEBUG=1",
					"$(inherited)",
				);
				GCC_WARN_64_TO_32_BIT_CONVERSION = YES;
				GCC_WARN_ABOUT_RETURN_TYPE = YES_ERROR;
				GCC_WARN_UNDECLARED_SELECTOR = YES;
				GCC_WARN_UNINITIALIZED_AUTOS = YES_AGGRESSIVE;
				GCC_WARN_UNUSED_FUNCTION = YES;
				GCC_WARN_UNUSED_VARIABLE = YES;
				MACOSX_DEPLOYMENT_TARGET = 26.0;
				MTL_ENABLE_DEBUG_INFO = INCLUDE_SOURCE;
				MTL_FAST_MATH = YES;
				ONLY_ACTIVE_ARCH = YES;
				SDKROOT = macosx;
				SWIFT_ACTIVE_COMPILATION_CONDITIONS = "DEBUG $(inherited)";
				SWIFT_OPTIMIZATION_LEVEL = "-Onone";
			};
			name = Debug;
		};
		A9000002 /* Release */ = {
			isa = XCBuildConfiguration;
			buildSettings = {
				ALWAYS_SEARCH_USER_PATHS = NO;
				ASSETCATALOG_COMPILER_GENERATE_SWIFT_ASSET_SYMBOL_EXTENSIONS = YES;
				CLANG_ANALYZER_NONNULL = YES;
				CLANG_ANALYZER_NUMBER_OBJECT_CONVERSION = YES_AGGRESSIVE;
				CLANG_CXX_LANGUAGE_STANDARD = "gnu++20";
				CLANG_ENABLE_MODULES = YES;
				CLANG_ENABLE_OBJC_ARC = YES;
				CLANG_ENABLE_OBJC_WEAK = YES;
				CLANG_WARN_BLOCK_CAPTURE_AUTORELEASING = YES;
				CLANG_WARN_BOOL_CONVERSION = YES;
				CLANG_WARN_COMMA = YES;
				CLANG_WARN_CONSTANT_CONVERSION = YES;
				CLANG_WARN_DEPRECATED_OBJC_IMPLEMENTATIONS = YES;
				CLANG_WARN_DIRECT_OBJC_ISA_USAGE = YES_ERROR;
				CLANG_WARN_DOCUMENTATION_COMMENTS = YES;
				CLANG_WARN_EMPTY_BODY = YES;
				CLANG_WARN_ENUM_CONVERSION = YES;
				CLANG_WARN_INFINITE_RECURSION = YES;
				CLANG_WARN_INT_CONVERSION = YES;
				CLANG_WARN_NON_LITERAL_NULL_CONVERSION = YES;
				CLANG_WARN_OBJC_IMPLICIT_RETAIN_SELF = YES;
				CLANG_WARN_OBJC_LITERAL_CONVERSION = YES;
				CLANG_WARN_OBJC_ROOT_CLASS = YES_ERROR;
				CLANG_WARN_QUOTED_INCLUDE_IN_FRAMEWORK_HEADER = YES;
				CLANG_WARN_RANGE_LOOP_ANALYSIS = YES;
				CLANG_WARN_STRICT_PROTOTYPES = YES;
				CLANG_WARN_SUSPICIOUS_MOVE = YES;
				CLANG_WARN_UNGUARDED_AVAILABILITY = YES_AGGRESSIVE;
				CLANG_WARN_UNREACHABLE_CODE = YES;
				CLANG_WARN__DUPLICATE_METHOD_MATCH = YES;
				COPY_PHASE_STRIP = NO;
				DEBUG_INFORMATION_FORMAT = "dwarf-with-dsym";
				ENABLE_NS_ASSERTIONS = NO;
				ENABLE_STRICT_OBJC_MSGSEND = YES;
				ENABLE_USER_SCRIPT_SANDBOXING = YES;
				GCC_C_LANGUAGE_STANDARD = gnu17;
				GCC_NO_COMMON_BLOCKS = YES;
				GCC_WARN_64_TO_32_BIT_CONVERSION = YES;
				GCC_WARN_ABOUT_RETURN_TYPE = YES_ERROR;
				GCC_WARN_UNDECLARED_SELECTOR = YES;
				GCC_WARN_UNINITIALIZED_AUTOS = YES_AGGRESSIVE;
				GCC_WARN_UNUSED_FUNCTION = YES;
				GCC_WARN_UNUSED_VARIABLE = YES;
				MACOSX_DEPLOYMENT_TARGET = 26.0;
				MTL_ENABLE_DEBUG_INFO = NO;
				MTL_FAST_MATH = YES;
				SDKROOT = macosx;
				SWIFT_COMPILATION_MODE = wholemodule;
			};
			name = Release;
		};
		A9000003 /* Debug */ = {
			isa = XCBuildConfiguration;
			buildSettings = {
				ASSETCATALOG_COMPILER_APPICON_NAME = AppIcon;
				ASSETCATALOG_COMPILER_GLOBAL_ACCENT_COLOR_NAME = AccentColor;
				CODE_SIGN_ENTITLEMENTS = GivaApp/GivaApp.entitlements;
				CODE_SIGN_STYLE = Automatic;
				COMBINE_HIDPI_IMAGES = YES;
				CURRENT_PROJECT_VERSION = 1;
				ENABLE_HARDENED_RUNTIME = YES;
				GENERATE_INFOPLIST_FILE = YES;
				INFOPLIST_KEY_LSApplicationCategoryType = "public.app-category.productivity";
				INFOPLIST_KEY_LSUIElement = YES;
				INFOPLIST_KEY_NSMicrophoneUsageDescription = "Giva uses the microphone for voice input to transcribe your spoken queries.";
				INFOPLIST_KEY_NSHumanReadableCopyright = "";
				MARKETING_VERSION = 1.0;
				PRODUCT_BUNDLE_IDENTIFIER = com.giva.GivaApp;
				PRODUCT_NAME = "$(TARGET_NAME)";
				SWIFT_EMIT_LOC_STRINGS = YES;
				SWIFT_VERSION = 5.0;
			};
			name = Debug;
		};
		A9000004 /* Release */ = {
			isa = XCBuildConfiguration;
			buildSettings = {
				ASSETCATALOG_COMPILER_APPICON_NAME = AppIcon;
				ASSETCATALOG_COMPILER_GLOBAL_ACCENT_COLOR_NAME = AccentColor;
				CODE_SIGN_ENTITLEMENTS = GivaApp/GivaApp.entitlements;
				CODE_SIGN_STYLE = Automatic;
				COMBINE_HIDPI_IMAGES = YES;
				CURRENT_PROJECT_VERSION = 1;
				ENABLE_HARDENED_RUNTIME = YES;
				GENERATE_INFOPLIST_FILE = YES;
				INFOPLIST_KEY_LSApplicationCategoryType = "public.app-category.productivity";
				INFOPLIST_KEY_LSUIElement = YES;
				INFOPLIST_KEY_NSMicrophoneUsageDescription = "Giva uses the microphone for voice input to transcribe your spoken queries.";
				INFOPLIST_KEY_NSHumanReadableCopyright = "";
				MARKETING_VERSION = 1.0;
				PRODUCT_BUNDLE_IDENTIFIER = com.giva.GivaApp;
				PRODUCT_NAME = "$(TARGET_NAME)";
				SWIFT_EMIT_LOC_STRINGS = YES;
				SWIFT_VERSION = 5.0;
			};
			name = Release;
		};
		B9000001 /* Debug */ = {
			isa = XCBuildConfiguration;
			buildSettings = {
				BUNDLE_LOADER = "$(TEST_HOST)";
				CODE_SIGN_STYLE = Automatic;
				CURRENT_PROJECT_VERSION = 1;
				GENERATE_INFOPLIST_FILE = YES;
				MACOSX_DEPLOYMENT_TARGET = 26.0;
				MARKETING_VERSION = 1.0;
				PRODUCT_BUNDLE_IDENTIFIER = com.giva.GivaAppTests;
				PRODUCT_NAME = "$(TARGET_NAME)";
				SWIFT_EMIT_LOC_STRINGS = NO;
				SWIFT_VERSION = 5.0;
				TEST_HOST = "$(BUILT_PRODUCTS_DIR)/GivaApp.app/Contents/MacOS/GivaApp";
			};
			name = Debug;
		};
		B9000002 /* Release */ = {
			isa = XCBuildConfiguration;
			buildSettings = {
				BUNDLE_LOADER = "$(TEST_HOST)";
				CODE_SIGN_STYLE = Automatic;
				CURRENT_PROJECT_VERSION = 1;
				GENERATE_INFOPLIST_FILE = YES;
				MACOSX_DEPLOYMENT_TARGET = 26.0;
				MARKETING_VERSION = 1.0;
				PRODUCT_BUNDLE_IDENTIFIER = com.giva.GivaAppTests;
				PRODUCT_NAME = "$(TARGET_NAME)";
				SWIFT_EMIT_LOC_STRINGS = NO;
				SWIFT_VERSION = 5.0;
				TEST_HOST = "$(BUILT_PRODUCTS_DIR)/GivaApp.app/Contents/MacOS/GivaApp";
			};
			name = Release;
		};
/* End XCBuildConfiguration section */

/* Begin XCConfigurationList section */
		A7000001 /* Build configuration list for PBXProject "GivaApp" */ = {
			isa = XCConfigurationList;
			buildConfigurations = (
				A9000001 /* Debug */,
				A9000002 /* Release */,
			);
			defaultConfigurationIsVisible = 0;
			defaultConfigurationName = Release;
		};
		A7000003 /* Build configuration list for PBXNativeTarget "GivaApp" */ = {
			isa = XCConfigurationList;
			buildConfigurations = (
				A9000003 /* Debug */,
				A9000004 /* Release */,
			);
			defaultConfigurationIsVisible = 0;
			defaultConfigurationName = Release;
		};
		B7000001 /* Build configuration list for PBXNativeTarget "GivaAppTests" */ = {
			isa = XCConfigurationList;
			buildConfigurations = (
				B9000001 /* Debug */,
				B9000002 /* Release */,
			);
			defaultConfigurationIsVisible = 0;
			defaultConfigurationName = Release;
		};
/* End XCConfigurationList section */

	};
	rootObject = A8000001 /* Project object */;
}
